uuid: 26d56c7a-a021-419c-9b10-35b95e64be5f
langcode: en
status: true
dependencies:
  module:
    - media_release
    - system
  theme:
    - hkdu
id: mediahomeblock
theme: hkdu
region: content
weight: -14
provider: null
plugin: media_home_block
settings:
  id: media_home_block
  label: 'Media home block'
  provider: media_release
  label_display: '0'
visibility:
  request_path:
    id: request_path
    pages: '<front>'
    negate: false
    context_mapping: {  }
