uuid: ad0302c3-2dcf-4f80-8747-85a9a40022cb
langcode: en
status: true
dependencies:
  module:
    - member_profile
    - system
    - user
  theme:
    - hkdu
id: membermenublock
theme: hkdu
region: sidebar_profile_first
weight: 0
provider: null
plugin: member_menu_block
settings:
  id: member_menu_block
  label: 'Member Menu block'
  provider: member_profile
  label_display: '0'
visibility:
  request_path:
    id: request_path
    pages: '/user/*'
    negate: false
    context_mapping: {  }
  user_role:
    id: user_role
    roles:
      authenticated: authenticated
      administrator: administrator
      admins: admins
      doctor: doctor
      hkdu_members: hkdu_members
      drug_suppliers: drug_suppliers
      council_members: council_members
      cme_member: cme_member
      invited: invited
      tester: tester
    negate: false
    context_mapping:
      user: '@user.current_user_context:current_user'
