uuid: 78d9157b-18c0-4c4d-a64d-c610d285b0ee
langcode: en
status: true
dependencies:
  module:
    - global_hkdu
    - system
  theme:
    - hkdu
id: sliderhomeblock
theme: hkdu
region: header
weight: -20
provider: null
plugin: slider_home_block
settings:
  id: slider_home_block
  label: 'Slider home block'
  provider: global_hkdu
  label_display: '0'
visibility:
  request_path:
    id: request_path
    pages: "<front>\r\n/e-pharm\r\n/member-area"
    negate: false
    context_mapping: {  }
