uuid: 10ea208d-18f7-44d2-aa9b-da3b414cfa3d
langcode: en
status: true
dependencies:
  module:
    - global_hkdu
  theme:
    - hkdu
id: loginblock
theme: hkdu
region: navigation
weight: 0
provider: null
plugin: login_block
settings:
  id: login_block
  label: 'Login block'
  provider: global_hkdu
  label_display: '0'
visibility: {  }
