uuid: 23bf6ae1-040f-4531-9b39-a86b131dc363
langcode: en
status: true
dependencies:
  module:
    - cme_event
    - system
    - user
  theme:
    - hkdu
id: cmeeventhomeblock
theme: hkdu
region: content
weight: -8
provider: null
plugin: home_block
settings:
  id: home_block
  label: 'CME Event Home Block'
  provider: cme_event
  label_display: '0'
visibility:
  request_path:
    id: request_path
    pages: /cme
    negate: false
    context_mapping: {  }
  user_role:
    id: user_role
    roles:
      administrator: administrator
      admins: admins
      hkdu_members: hkdu_members
      council_members: council_members
      cme_member: cme_member
      tester: tester
    negate: false
    context_mapping:
      user: '@user.current_user_context:current_user'
